
Microsoft Visual Studio Solution File, Format Version 12.00
# Visual Studio Version 17
VisualStudioVersion = 17.13.35825.156
MinimumVisualStudioVersion = 10.0.40219.1
Project("{54A90642-561A-4BB1-A94E-469ADEE60C69}") = "flooringsaas", "flooringSAAS\flooringsaas.esproj", "{B7061F53-5197-BB48-3450-68AE226DABCD}"
EndProject
Project("{54A90642-561A-4BB1-A94E-469ADEE60C69}") = "backend", "backend\backend.esproj", "{28467D11-EA47-6A05-AA27-145AE108EBEE}"
EndProject
Global
	GlobalSection(SolutionConfigurationPlatforms) = preSolution
		Debug|Any CPU = Debug|Any CPU
		Release|Any CPU = Release|Any CPU
	EndGlobalSection
	GlobalSection(ProjectConfigurationPlatforms) = postSolution
		{B7061F53-5197-BB48-3450-68AE226DABCD}.Debug|Any CPU.ActiveCfg = Debug|Any CPU
		{B7061F53-5197-BB48-3450-68AE226DABCD}.Debug|Any CPU.Build.0 = Debug|Any CPU
		{B7061F53-5197-BB48-3450-68AE226DABCD}.Debug|Any CPU.Deploy.0 = Debug|Any CPU
		{B7061F53-5197-BB48-3450-68AE226DABCD}.Release|Any CPU.ActiveCfg = Release|Any CPU
		{B7061F53-5197-BB48-3450-68AE226DABCD}.Release|Any CPU.Build.0 = Release|Any CPU
		{B7061F53-5197-BB48-3450-68AE226DABCD}.Release|Any CPU.Deploy.0 = Release|Any CPU
		{28467D11-EA47-6A05-AA27-145AE108EBEE}.Debug|Any CPU.ActiveCfg = Debug|Any CPU
		{28467D11-EA47-6A05-AA27-145AE108EBEE}.Debug|Any CPU.Build.0 = Debug|Any CPU
		{28467D11-EA47-6A05-AA27-145AE108EBEE}.Debug|Any CPU.Deploy.0 = Debug|Any CPU
		{28467D11-EA47-6A05-AA27-145AE108EBEE}.Release|Any CPU.ActiveCfg = Release|Any CPU
		{28467D11-EA47-6A05-AA27-145AE108EBEE}.Release|Any CPU.Build.0 = Release|Any CPU
		{28467D11-EA47-6A05-AA27-145AE108EBEE}.Release|Any CPU.Deploy.0 = Release|Any CPU
	EndGlobalSection
	GlobalSection(SolutionProperties) = preSolution
		HideSolutionNode = FALSE
	EndGlobalSection
	GlobalSection(ExtensibilityGlobals) = postSolution
		SolutionGuid = {0D8197A1-DAFD-4404-952B-469474908798}
	EndGlobalSection
EndGlobal
